
Microsoft Visual Studio Solution File, Format Version 12.00
# Visual Studio 15
VisualStudioVersion = 15.0.27004.2002
MinimumVisualStudioVersion = 10.0.40219.1
Project("{9A19103F-16F7-4668-BE54-9A1E7A4F7556}") = "Solomon", "Solomon\Solomon.csproj", "{893A0029-62DB-4987-BA21-624408C835FF}"
EndProject
Project("{2150E333-8FDC-42A3-9474-1A3956D46DE8}") = "WorkerExtensions", "WorkerExtensions", "{377FD052-3DC5-4E4F-A534-00DF3CA9C48E}"
EndProject
Project("{9A19103F-16F7-4668-BE54-9A1E7A4F7556}") = "Solomon.Worker.Console", "Solomon.Worker\Solomon.Worker.Console.csproj", "{54680EC3-55E8-45EE-8972-BE435F5A84F7}"
EndProject
Project("{9A19103F-16F7-4668-BE54-9A1E7A4F7556}") = "Solomon.RabbitMq", "Solomon.Queue.RabbitMq\Solomon.RabbitMq.csproj", "{ACBCF27C-9E42-4984-A0E1-4DE271353AC6}"
EndProject
Project("{9A19103F-16F7-4668-BE54-9A1E7A4F7556}") = "Solomon.Handler.GetIncidentsServiceNow", "Solomon.Handler.ServiceNow\Solomon.Handler.GetIncidentsServiceNow.csproj", "{5F432974-990D-4642-8A99-DE8C55A1FEBD}"
EndProject
Project("{9A19103F-16F7-4668-BE54-9A1E7A4F7556}") = "Solomon.Handler.Base", "Solomon.Handler.Base\Solomon.Handler.Base.csproj", "{A4AA1C35-15A2-4248-9E6A-D6875BD2B02E}"
EndProject
Project("{2150E333-8FDC-42A3-9474-1A3956D46DE8}") = "Base", "Base", "{5AF8609A-17DF-4017-9FE0-BF6A4C7700A8}"
EndProject
Project("{9A19103F-16F7-4668-BE54-9A1E7A4F7556}") = "Solomon.Worker", "Solomon.Worker.Base\Solomon.Worker.csproj", "{195CAB1C-8385-41A6-AAE5-4313E7AF127E}"
EndProject
Project("{2150E333-8FDC-42A3-9474-1A3956D46DE8}") = "Master", "Master", "{058524E5-78D0-4213-8C43-A8FA11EFA237}"
EndProject
Project("{9A19103F-16F7-4668-BE54-9A1E7A4F7556}") = "Solomon.Master", "Solomon.Master\Solomon.Master.csproj", "{18183A7A-41F4-460D-8D62-FE1FFF92E92A}"
EndProject
Project("{9A19103F-16F7-4668-BE54-9A1E7A4F7556}") = "Solomon.Handler.InputOutput", "Solomon.Handler.InputOutput\Solomon.Handler.InputOutput.csproj", "{A2CD53F2-D4A3-4B06-84B8-9A74872FAAC0}"
EndProject
Project("{2150E333-8FDC-42A3-9474-1A3956D46DE8}") = "Worker", "Worker", "{FF7E45A7-A2A7-4DE5-B4EB-BDAD57CF4FAB}"
EndProject
Project("{2150E333-8FDC-42A3-9474-1A3956D46DE8}") = "Trigger", "Trigger", "{46A081A8-626A-48E5-9305-0768037EC12F}"
EndProject
Project("{2150E333-8FDC-42A3-9474-1A3956D46DE8}") = "TriggerExtensions", "TriggerExtensions", "{222385E0-A010-43B9-8599-4343F641EFED}"
EndProject
Project("{2150E333-8FDC-42A3-9474-1A3956D46DE8}") = "Logger", "Logger", "{0A3DC0B5-EE83-4EE2-9EE6-B15C128DF58E}"
EndProject
Project("{9A19103F-16F7-4668-BE54-9A1E7A4F7556}") = "Solomon.Logger", "Solomon.Logger\Solomon.Logger.csproj", "{D9C3D5B3-C557-40F6-83B9-BFBFA6DA60B5}"
EndProject
Project("{9A19103F-16F7-4668-BE54-9A1E7A4F7556}") = "Solomon.Trigger", "Solomon.Trigger\Solomon.Trigger.csproj", "{1910B40A-7685-4C20-BADD-168E60FF0FAE}"
EndProject
Project("{9A19103F-16F7-4668-BE54-9A1E7A4F7556}") = "Solomon.Base.Trigger", "Solomon.Base.Trigger\Solomon.Base.Trigger.csproj", "{92C541C5-500B-42C4-9FEF-2FB5A2EC2791}"
EndProject
Project("{9A19103F-16F7-4668-BE54-9A1E7A4F7556}") = "Solomon.Base", "Solomon.Base\Solomon.Base.csproj", "{DA136CF7-BC61-4A99-A1C2-7D348235C92F}"
EndProject
Project("{9A19103F-16F7-4668-BE54-9A1E7A4F7556}") = "Solomon.Worker.RabbitMq", "Solomon.Worker.RabbitMq\Solomon.Worker.RabbitMq.csproj", "{221A0CCE-785D-4E5E-AB12-1A796546C4AA}"
EndProject
Project("{9A19103F-16F7-4668-BE54-9A1E7A4F7556}") = "Solomon.Logger.RabbitMq", "Solomon.Logger.RabbitMq\Solomon.Logger.RabbitMq.csproj", "{36405089-17F4-4AFD-9D5B-1FC81E542566}"
EndProject
Project("{9A19103F-16F7-4668-BE54-9A1E7A4F7556}") = "Solomon.Master.RabbitMq", "Solomon.Master.RabbitMq\Solomon.Master.RabbitMq.csproj", "{BE179763-0C49-488D-94A6-C3AE974A7567}"
EndProject
Project("{9A19103F-16F7-4668-BE54-9A1E7A4F7556}") = "Solomon.Master.Infrastructure.CouchDB", "Solomon.Infrastructure\Solomon.Master.Infrastructure.CouchDB.csproj", "{73AEAE04-9EA2-42FE-9975-B5F10194BB95}"
EndProject
Project("{9A19103F-16F7-4668-BE54-9A1E7A4F7556}") = "Solomon.Master.Console", "Solomon.Master.Console\Solomon.Master.Console.csproj", "{6D14E6F1-50EA-429B-BE16-D120AFCEE5D4}"
EndProject
Global
	GlobalSection(SolutionConfigurationPlatforms) = preSolution
		Debug|Any CPU = Debug|Any CPU
		Release|Any CPU = Release|Any CPU
	EndGlobalSection
	GlobalSection(ProjectConfigurationPlatforms) = postSolution
		{893A0029-62DB-4987-BA21-624408C835FF}.Debug|Any CPU.ActiveCfg = Debug|Any CPU
		{893A0029-62DB-4987-BA21-624408C835FF}.Debug|Any CPU.Build.0 = Debug|Any CPU
		{893A0029-62DB-4987-BA21-624408C835FF}.Release|Any CPU.ActiveCfg = Release|Any CPU
		{893A0029-62DB-4987-BA21-624408C835FF}.Release|Any CPU.Build.0 = Release|Any CPU
		{54680EC3-55E8-45EE-8972-BE435F5A84F7}.Debug|Any CPU.ActiveCfg = Debug|Any CPU
		{54680EC3-55E8-45EE-8972-BE435F5A84F7}.Debug|Any CPU.Build.0 = Debug|Any CPU
		{54680EC3-55E8-45EE-8972-BE435F5A84F7}.Release|Any CPU.ActiveCfg = Release|Any CPU
		{54680EC3-55E8-45EE-8972-BE435F5A84F7}.Release|Any CPU.Build.0 = Release|Any CPU
		{ACBCF27C-9E42-4984-A0E1-4DE271353AC6}.Debug|Any CPU.ActiveCfg = Debug|Any CPU
		{ACBCF27C-9E42-4984-A0E1-4DE271353AC6}.Debug|Any CPU.Build.0 = Debug|Any CPU
		{ACBCF27C-9E42-4984-A0E1-4DE271353AC6}.Release|Any CPU.ActiveCfg = Release|Any CPU
		{ACBCF27C-9E42-4984-A0E1-4DE271353AC6}.Release|Any CPU.Build.0 = Release|Any CPU
		{5F432974-990D-4642-8A99-DE8C55A1FEBD}.Debug|Any CPU.ActiveCfg = Debug|Any CPU
		{5F432974-990D-4642-8A99-DE8C55A1FEBD}.Debug|Any CPU.Build.0 = Debug|Any CPU
		{5F432974-990D-4642-8A99-DE8C55A1FEBD}.Release|Any CPU.ActiveCfg = Release|Any CPU
		{5F432974-990D-4642-8A99-DE8C55A1FEBD}.Release|Any CPU.Build.0 = Release|Any CPU
		{A4AA1C35-15A2-4248-9E6A-D6875BD2B02E}.Debug|Any CPU.ActiveCfg = Debug|Any CPU
		{A4AA1C35-15A2-4248-9E6A-D6875BD2B02E}.Debug|Any CPU.Build.0 = Debug|Any CPU
		{A4AA1C35-15A2-4248-9E6A-D6875BD2B02E}.Release|Any CPU.ActiveCfg = Release|Any CPU
		{A4AA1C35-15A2-4248-9E6A-D6875BD2B02E}.Release|Any CPU.Build.0 = Release|Any CPU
		{195CAB1C-8385-41A6-AAE5-4313E7AF127E}.Debug|Any CPU.ActiveCfg = Debug|Any CPU
		{195CAB1C-8385-41A6-AAE5-4313E7AF127E}.Debug|Any CPU.Build.0 = Debug|Any CPU
		{195CAB1C-8385-41A6-AAE5-4313E7AF127E}.Release|Any CPU.ActiveCfg = Release|Any CPU
		{195CAB1C-8385-41A6-AAE5-4313E7AF127E}.Release|Any CPU.Build.0 = Release|Any CPU
		{18183A7A-41F4-460D-8D62-FE1FFF92E92A}.Debug|Any CPU.ActiveCfg = Debug|Any CPU
		{18183A7A-41F4-460D-8D62-FE1FFF92E92A}.Debug|Any CPU.Build.0 = Debug|Any CPU
		{18183A7A-41F4-460D-8D62-FE1FFF92E92A}.Release|Any CPU.ActiveCfg = Release|Any CPU
		{18183A7A-41F4-460D-8D62-FE1FFF92E92A}.Release|Any CPU.Build.0 = Release|Any CPU
		{A2CD53F2-D4A3-4B06-84B8-9A74872FAAC0}.Debug|Any CPU.ActiveCfg = Debug|Any CPU
		{A2CD53F2-D4A3-4B06-84B8-9A74872FAAC0}.Debug|Any CPU.Build.0 = Debug|Any CPU
		{A2CD53F2-D4A3-4B06-84B8-9A74872FAAC0}.Release|Any CPU.ActiveCfg = Release|Any CPU
		{A2CD53F2-D4A3-4B06-84B8-9A74872FAAC0}.Release|Any CPU.Build.0 = Release|Any CPU
		{D9C3D5B3-C557-40F6-83B9-BFBFA6DA60B5}.Debug|Any CPU.ActiveCfg = Debug|Any CPU
		{D9C3D5B3-C557-40F6-83B9-BFBFA6DA60B5}.Debug|Any CPU.Build.0 = Debug|Any CPU
		{D9C3D5B3-C557-40F6-83B9-BFBFA6DA60B5}.Release|Any CPU.ActiveCfg = Release|Any CPU
		{D9C3D5B3-C557-40F6-83B9-BFBFA6DA60B5}.Release|Any CPU.Build.0 = Release|Any CPU
		{1910B40A-7685-4C20-BADD-168E60FF0FAE}.Debug|Any CPU.ActiveCfg = Debug|Any CPU
		{1910B40A-7685-4C20-BADD-168E60FF0FAE}.Debug|Any CPU.Build.0 = Debug|Any CPU
		{1910B40A-7685-4C20-BADD-168E60FF0FAE}.Release|Any CPU.ActiveCfg = Release|Any CPU
		{1910B40A-7685-4C20-BADD-168E60FF0FAE}.Release|Any CPU.Build.0 = Release|Any CPU
		{92C541C5-500B-42C4-9FEF-2FB5A2EC2791}.Debug|Any CPU.ActiveCfg = Debug|Any CPU
		{92C541C5-500B-42C4-9FEF-2FB5A2EC2791}.Debug|Any CPU.Build.0 = Debug|Any CPU
		{92C541C5-500B-42C4-9FEF-2FB5A2EC2791}.Release|Any CPU.ActiveCfg = Release|Any CPU
		{92C541C5-500B-42C4-9FEF-2FB5A2EC2791}.Release|Any CPU.Build.0 = Release|Any CPU
		{DA136CF7-BC61-4A99-A1C2-7D348235C92F}.Debug|Any CPU.ActiveCfg = Debug|Any CPU
		{DA136CF7-BC61-4A99-A1C2-7D348235C92F}.Debug|Any CPU.Build.0 = Debug|Any CPU
		{DA136CF7-BC61-4A99-A1C2-7D348235C92F}.Release|Any CPU.ActiveCfg = Release|Any CPU
		{DA136CF7-BC61-4A99-A1C2-7D348235C92F}.Release|Any CPU.Build.0 = Release|Any CPU
		{221A0CCE-785D-4E5E-AB12-1A796546C4AA}.Debug|Any CPU.ActiveCfg = Debug|Any CPU
		{221A0CCE-785D-4E5E-AB12-1A796546C4AA}.Debug|Any CPU.Build.0 = Debug|Any CPU
		{221A0CCE-785D-4E5E-AB12-1A796546C4AA}.Release|Any CPU.ActiveCfg = Release|Any CPU
		{221A0CCE-785D-4E5E-AB12-1A796546C4AA}.Release|Any CPU.Build.0 = Release|Any CPU
		{36405089-17F4-4AFD-9D5B-1FC81E542566}.Debug|Any CPU.ActiveCfg = Debug|Any CPU
		{36405089-17F4-4AFD-9D5B-1FC81E542566}.Debug|Any CPU.Build.0 = Debug|Any CPU
		{36405089-17F4-4AFD-9D5B-1FC81E542566}.Release|Any CPU.ActiveCfg = Release|Any CPU
		{36405089-17F4-4AFD-9D5B-1FC81E542566}.Release|Any CPU.Build.0 = Release|Any CPU
		{BE179763-0C49-488D-94A6-C3AE974A7567}.Debug|Any CPU.ActiveCfg = Debug|Any CPU
		{BE179763-0C49-488D-94A6-C3AE974A7567}.Debug|Any CPU.Build.0 = Debug|Any CPU
		{BE179763-0C49-488D-94A6-C3AE974A7567}.Release|Any CPU.ActiveCfg = Release|Any CPU
		{BE179763-0C49-488D-94A6-C3AE974A7567}.Release|Any CPU.Build.0 = Release|Any CPU
		{73AEAE04-9EA2-42FE-9975-B5F10194BB95}.Debug|Any CPU.ActiveCfg = Debug|Any CPU
		{73AEAE04-9EA2-42FE-9975-B5F10194BB95}.Debug|Any CPU.Build.0 = Debug|Any CPU
		{73AEAE04-9EA2-42FE-9975-B5F10194BB95}.Release|Any CPU.ActiveCfg = Release|Any CPU
		{73AEAE04-9EA2-42FE-9975-B5F10194BB95}.Release|Any CPU.Build.0 = Release|Any CPU
		{6D14E6F1-50EA-429B-BE16-D120AFCEE5D4}.Debug|Any CPU.ActiveCfg = Debug|Any CPU
		{6D14E6F1-50EA-429B-BE16-D120AFCEE5D4}.Debug|Any CPU.Build.0 = Debug|Any CPU
		{6D14E6F1-50EA-429B-BE16-D120AFCEE5D4}.Release|Any CPU.ActiveCfg = Release|Any CPU
		{6D14E6F1-50EA-429B-BE16-D120AFCEE5D4}.Release|Any CPU.Build.0 = Release|Any CPU
	EndGlobalSection
	GlobalSection(SolutionProperties) = preSolution
		HideSolutionNode = FALSE
	EndGlobalSection
	GlobalSection(NestedProjects) = preSolution
		{54680EC3-55E8-45EE-8972-BE435F5A84F7} = {FF7E45A7-A2A7-4DE5-B4EB-BDAD57CF4FAB}
		{ACBCF27C-9E42-4984-A0E1-4DE271353AC6} = {5AF8609A-17DF-4017-9FE0-BF6A4C7700A8}
		{5F432974-990D-4642-8A99-DE8C55A1FEBD} = {377FD052-3DC5-4E4F-A534-00DF3CA9C48E}
		{A4AA1C35-15A2-4248-9E6A-D6875BD2B02E} = {5AF8609A-17DF-4017-9FE0-BF6A4C7700A8}
		{195CAB1C-8385-41A6-AAE5-4313E7AF127E} = {FF7E45A7-A2A7-4DE5-B4EB-BDAD57CF4FAB}
		{18183A7A-41F4-460D-8D62-FE1FFF92E92A} = {058524E5-78D0-4213-8C43-A8FA11EFA237}
		{A2CD53F2-D4A3-4B06-84B8-9A74872FAAC0} = {377FD052-3DC5-4E4F-A534-00DF3CA9C48E}
		{D9C3D5B3-C557-40F6-83B9-BFBFA6DA60B5} = {0A3DC0B5-EE83-4EE2-9EE6-B15C128DF58E}
		{1910B40A-7685-4C20-BADD-168E60FF0FAE} = {46A081A8-626A-48E5-9305-0768037EC12F}
		{92C541C5-500B-42C4-9FEF-2FB5A2EC2791} = {46A081A8-626A-48E5-9305-0768037EC12F}
		{DA136CF7-BC61-4A99-A1C2-7D348235C92F} = {5AF8609A-17DF-4017-9FE0-BF6A4C7700A8}
		{221A0CCE-785D-4E5E-AB12-1A796546C4AA} = {FF7E45A7-A2A7-4DE5-B4EB-BDAD57CF4FAB}
		{36405089-17F4-4AFD-9D5B-1FC81E542566} = {0A3DC0B5-EE83-4EE2-9EE6-B15C128DF58E}
		{BE179763-0C49-488D-94A6-C3AE974A7567} = {058524E5-78D0-4213-8C43-A8FA11EFA237}
		{73AEAE04-9EA2-42FE-9975-B5F10194BB95} = {058524E5-78D0-4213-8C43-A8FA11EFA237}
		{6D14E6F1-50EA-429B-BE16-D120AFCEE5D4} = {058524E5-78D0-4213-8C43-A8FA11EFA237}
	EndGlobalSection
	GlobalSection(ExtensibilityGlobals) = postSolution
		SolutionGuid = {26E6CAA3-6B91-4766-B107-459567FE02FC}
	EndGlobalSection
EndGlobal
